{
    "composer/package-versions-deprecated": {
        "version": "1.11.99.3"
    },
    "doctrine/annotations": {
        "version": "1.0",
        "recipe": {
            "repo": "github.com/symfony/recipes",
            "branch": "master",
            "version": "1.0",
            "ref": "a2759dd6123694c8d901d0ec80006e044c2e6457"
        },
        "files": [
            "config/routes/annotations.yaml"
        ]
    },
    "doctrine/cache": {
        "version": "2.1.1"
    },
    "doctrine/collections": {
        "version": "1.6.8"
    },
    "doctrine/common": {
        "version": "3.1.2"
    },
    "doctrine/dbal": {
        "version": "2.13.2"
    },
    "doctrine/deprecations": {
        "version": "v0.5.3"
    },
    "doctrine/doctrine-bundle": {
        "version": "2.4",
        "recipe": {
            "repo": "github.com/symfony/recipes",
            "branch": "master",
            "version": "2.4",
            "ref": "dda18c8830b143bc31c0e0457fb13b9029614d76"
        },
        "files": [
            "config/packages/doctrine.yaml",
            "config/packages/prod/doctrine.yaml",
            "config/packages/test/doctrine.yaml",
            "src/Entity/.gitignore",
            "src/Repository/.gitignore"
        ]
    },
    "doctrine/doctrine-migrations-bundle": {
        "version": "3.1",
        "recipe": {
            "repo": "github.com/symfony/recipes",
            "branch": "master",
            "version": "3.1",
            "ref": "ee609429c9ee23e22d6fa5728211768f51ed2818"
        },
        "files": [
            "config/packages/doctrine_migrations.yaml",
            "migrations/.gitignore"
        ]
    },
    "doctrine/event-manager": {
        "version": "1.1.1"
    },
    "doctrine/inflector": {
        "version": "2.0.3"
    },
    "doctrine/instantiator": {
        "version": "1.4.0"
    },
    "doctrine/lexer": {
        "version": "1.2.1"
    },
    "doctrine/migrations": {
        "version": "3.2.1"
    },
    "doctrine/orm": {
        "version": "2.9.5"
    },
    "doctrine/persistence": {
        "version": "2.2.2"
    },
    "doctrine/sql-formatter": {
        "version": "1.1.1"
    },
    "firebase/php-jwt": {
        "version": "v5.4.0"
    },
    "friendsofphp/proxy-manager-lts": {
        "version": "v1.0.5"
    },
    "laminas/laminas-code": {
        "version": "4.4.2"
    },
    "monolog/monolog": {
        "version": "2.3.2"
    },
    "myclabs/deep-copy": {
        "version": "1.10.2"
    },
    "namshi/jose": {
        "version": "7.2.3"
    },
    "nikic/php-parser": {
        "version": "v4.12.0"
    },
    "phar-io/manifest": {
        "version": "2.0.3"
    },
    "phar-io/version": {
        "version": "3.1.0"
    },
    "php": {
        "version": "7.4"
    },
    "phpdocumentor/reflection-common": {
        "version": "2.2.0"
    },
    "phpdocumentor/reflection-docblock": {
        "version": "5.2.2"
    },
    "phpdocumentor/type-resolver": {
        "version": "1.4.0"
    },
    "phpspec/prophecy": {
        "version": "1.13.0"
    },
    "phpunit/php-code-coverage": {
        "version": "9.2.6"
    },
    "phpunit/php-file-iterator": {
        "version": "3.0.5"
    },
    "phpunit/php-invoker": {
        "version": "3.1.1"
    },
    "phpunit/php-text-template": {
        "version": "2.0.4"
    },
    "phpunit/php-timer": {
        "version": "5.0.3"
    },
    "phpunit/phpunit": {
        "version": "9.3",
        "recipe": {
            "repo": "github.com/symfony/recipes",
            "branch": "master",
            "version": "9.3",
            "ref": "a6249a6c4392e9169b87abf93225f7f9f59025e6"
        },
        "files": [
            ".env.test",
            "phpunit.xml.dist",
            "tests/bootstrap.php"
        ]
    },
    "sebastian/cli-parser": {
        "version": "1.0.1"
    },
    "sebastian/code-unit": {
        "version": "1.0.8"
    },
    "sebastian/code-unit-reverse-lookup": {
        "version": "2.0.3"
    },
    "sebastian/comparator": {
        "version": "4.0.6"
    },
    "sebastian/complexity": {
        "version": "2.0.2"
    },
    "sebastian/diff": {
        "version": "4.0.4"
    },
    "sebastian/environment": {
        "version": "5.1.3"
    },
    "sebastian/exporter": {
        "version": "4.0.3"
    },
    "sebastian/global-state": {
        "version": "5.0.3"
    },
    "sebastian/lines-of-code": {
        "version": "1.0.3"
    },
    "sebastian/object-enumerator": {
        "version": "4.0.4"
    },
    "sebastian/object-reflector": {
        "version": "2.0.4"
    },
    "sebastian/recursion-context": {
        "version": "4.0.4"
    },
    "sebastian/resource-operations": {
        "version": "3.0.3"
    },
    "sebastian/type": {
        "version": "2.3.4"
    },
    "sebastian/version": {
        "version": "3.0.2"
    },
    "symfony/browser-kit": {
        "version": "v5.3.4"
    },
    "symfony/css-selector": {
        "version": "v5.3.4"
    },
    "symfony/doctrine-bridge": {
        "version": "v5.3.4"
    },
    "symfony/dom-crawler": {
        "version": "v5.3.4"
    },
    "symfony/maker-bundle": {
        "version": "1.0",
        "recipe": {
            "repo": "github.com/symfony/recipes",
            "branch": "master",
            "version": "1.0",
            "ref": "fadbfe33303a76e25cb63401050439aa9b1a9c7f"
        }
    },
    "symfony/monolog-bridge": {
        "version": "v5.3.4"
    },
    "symfony/monolog-bundle": {
        "version": "3.7",
        "recipe": {
            "repo": "github.com/symfony/recipes",
            "branch": "master",
            "version": "3.7",
            "ref": "a7bace7dbc5a7ed5608dbe2165e0774c87175fe6"
        },
        "files": [
            "config/packages/dev/monolog.yaml",
            "config/packages/prod/deprecations.yaml",
            "config/packages/prod/monolog.yaml",
            "config/packages/test/monolog.yaml"
        ]
    },
    "symfony/password-hasher": {
        "version": "v5.3.4"
    },
    "symfony/phpunit-bridge": {
        "version": "5.3",
        "recipe": {
            "repo": "github.com/symfony/recipes",
            "branch": "master",
            "version": "5.3",
            "ref": "905679249e7b10f06c572917a9022a72cbfedc04"
        },
        "files": [
            ".env.test",
            "bin/phpunit",
            "phpunit.xml.dist",
            "tests/bootstrap.php"
        ]
    },
    "symfony/polyfill-php56": {
        "version": "v1.20.0"
    },
    "symfony/property-access": {
        "version": "v5.3.4"
    },
    "symfony/property-info": {
        "version": "v5.3.4"
    },
    "symfony/proxy-manager-bridge": {
        "version": "v5.3.4"
    },
    "symfony/security-bundle": {
        "version": "5.3",
        "recipe": {
            "repo": "github.com/symfony/recipes",
            "branch": "master",
            "version": "5.3",
            "ref": "227eba5e0c7e8fc4beda3537c3d81dc23ba08182"
        },
        "files": [
            "config/packages/security.yaml"
        ]
    },
    "symfony/security-core": {
        "version": "v5.3.6"
    },
    "symfony/security-csrf": {
        "version": "v5.3.4"
    },
    "symfony/security-guard": {
        "version": "v5.3.4"
    },
    "symfony/security-http": {
        "version": "v5.3.6"
    },
    "symfony/serializer": {
        "version": "v5.3.4"
    },
    "symfony/stopwatch": {
        "version": "v5.3.4"
    },
    "theseer/tokenizer": {
        "version": "1.2.1"
    },
    "webmozart/assert": {
        "version": "1.10.0"
    }
}
